// !$*UTF8*$!
{
	archiveVersion = 1;
	classes = {
	};
	objectVersion = 55;
	objects = {

/* Begin PBXBuildFile section */
		87449734277ACAEE009F8680 /* AppDelegate.swift in Sources */ = {isa = PBXBuildFile; fileRef = 87449733277ACAEE009F8680 /* AppDelegate.swift */; };
		87449736277ACAEE009F8680 /* SceneDelegate.swift in Sources */ = {isa = PBXBuildFile; fileRef = 87449735277ACAEE009F8680 /* SceneDelegate.swift */; };
		87449738277ACAEE009F8680 /* SplashViewController.swift in Sources */ = {isa = PBXBuildFile; fileRef = 87449737277ACAEE009F8680 /* SplashViewController.swift */; };
		8744973B277ACAEE009F8680 /* Main.storyboard in Resources */ = {isa = PBXBuildFile; fileRef = 87449739277ACAEE009F8680 /* Main.storyboard */; };
		8744973D277ACAEF009F8680 /* Assets.xcassets in Resources */ = {isa = PBXBuildFile; fileRef = 8744973C277ACAEF009F8680 /* Assets.xcassets */; };
		87449740277ACAEF009F8680 /* LaunchScreen.storyboard in Resources */ = {isa = PBXBuildFile; fileRef = 8744973E277ACAEF009F8680 /* LaunchScreen.storyboard */; };
		8744974B277ACAEF009F8680 /* drop_itTests.swift in Sources */ = {isa = PBXBuildFile; fileRef = 8744974A277ACAEF009F8680 /* drop_itTests.swift */; };
		87449755277ACAEF009F8680 /* drop_itUITests.swift in Sources */ = {isa = PBXBuildFile; fileRef = 87449754277ACAEF009F8680 /* drop_itUITests.swift */; };
		87449757277ACAEF009F8680 /* drop_itUITestsLaunchTests.swift in Sources */ = {isa = PBXBuildFile; fileRef = 87449756277ACAEF009F8680 /* drop_itUITestsLaunchTests.swift */; };
		87449764277ACAFA009F8680 /* Drop.storyboard in Resources */ = {isa = PBXBuildFile; fileRef = 87449763277ACAFA009F8680 /* Drop.storyboard */; };
		87449767277ACB36009F8680 /* DropStoryboarded.swift in Sources */ = {isa = PBXBuildFile; fileRef = 87449766277ACB36009F8680 /* DropStoryboarded.swift */; };
		87449769277ACB51009F8680 /* Router.swift in Sources */ = {isa = PBXBuildFile; fileRef = 87449768277ACB51009F8680 /* Router.swift */; };
		8744976F277ACE51009F8680 /* ContactDetailsViewController.swift in Sources */ = {isa = PBXBuildFile; fileRef = 8744976E277ACE51009F8680 /* ContactDetailsViewController.swift */; };
		87449771277ACE79009F8680 /* AddressViewController.swift in Sources */ = {isa = PBXBuildFile; fileRef = 87449770277ACE79009F8680 /* AddressViewController.swift */; };
		87449773277ACE9D009F8680 /* BagsViewController.swift in Sources */ = {isa = PBXBuildFile; fileRef = 87449772277ACE9D009F8680 /* BagsViewController.swift */; };
		87449775277ACEC9009F8680 /* ReviewViewController.swift in Sources */ = {isa = PBXBuildFile; fileRef = 87449774277ACEC9009F8680 /* ReviewViewController.swift */; };
		87449777277ACEE8009F8680 /* ResultViewController.swift in Sources */ = {isa = PBXBuildFile; fileRef = 87449776277ACEE8009F8680 /* ResultViewController.swift */; };
		8744977A277AD218009F8680 /* URLRequest.swift in Sources */ = {isa = PBXBuildFile; fileRef = 87449779277AD218009F8680 /* URLRequest.swift */; };
		8744977F277AD672009F8680 /* API.swift in Sources */ = {isa = PBXBuildFile; fileRef = 8744977E277AD672009F8680 /* API.swift */; };
		87449781277AD79F009F8680 /* RequestType.swift in Sources */ = {isa = PBXBuildFile; fileRef = 87449780277AD79F009F8680 /* RequestType.swift */; };
		87449784277AD7EE009F8680 /* User.swift in Sources */ = {isa = PBXBuildFile; fileRef = 87449783277AD7EE009F8680 /* User.swift */; };
		87449786277AD841009F8680 /* Address.swift in Sources */ = {isa = PBXBuildFile; fileRef = 87449785277AD841009F8680 /* Address.swift */; };
		8744978B277ADB24009F8680 /* Constants.swift in Sources */ = {isa = PBXBuildFile; fileRef = 8744978A277ADB24009F8680 /* Constants.swift */; };
		8744978D277ADC28009F8680 /* DropCodable + Mirroring.swift in Sources */ = {isa = PBXBuildFile; fileRef = 8744978C277ADC28009F8680 /* DropCodable + Mirroring.swift */; };
		8744978F277ADCD1009F8680 /* DropCodable.swift in Sources */ = {isa = PBXBuildFile; fileRef = 8744978E277ADCD1009F8680 /* DropCodable.swift */; };
		87449793277ADFC9009F8680 /* Observable.swift in Sources */ = {isa = PBXBuildFile; fileRef = 87449792277ADFC9009F8680 /* Observable.swift */; };
		87449795277AE132009F8680 /* DropViewModel.swift in Sources */ = {isa = PBXBuildFile; fileRef = 87449794277AE132009F8680 /* DropViewModel.swift */; };
		87449797277AE369009F8680 /* Dropper.swift in Sources */ = {isa = PBXBuildFile; fileRef = 87449796277AE369009F8680 /* Dropper.swift */; };
		8767DB10278AA72B0007CF38 /* Bag.swift in Sources */ = {isa = PBXBuildFile; fileRef = 8767DB0F278AA72B0007CF38 /* Bag.swift */; };
		8787232B277AFE22009D6658 /* FloatingTag.swift in Sources */ = {isa = PBXBuildFile; fileRef = 8787232A277AFE22009D6658 /* FloatingTag.swift */; };
		8787232D277AFE63009D6658 /* UIView.swift in Sources */ = {isa = PBXBuildFile; fileRef = 8787232C277AFE63009D6658 /* UIView.swift */; };
		8787232F277AFE7B009D6658 /* FloatingTag.xib in Resources */ = {isa = PBXBuildFile; fileRef = 8787232E277AFE7B009D6658 /* FloatingTag.xib */; };
		87872334277B1E29009D6658 /* UIViewController.swift in Sources */ = {isa = PBXBuildFile; fileRef = 87872333277B1E28009D6658 /* UIViewController.swift */; };
		87872336277B2309009D6658 /* ContactViewModel.swift in Sources */ = {isa = PBXBuildFile; fileRef = 87872335277B2309009D6658 /* ContactViewModel.swift */; };
		87872338277B23C2009D6658 /* AddressViewModel.swift in Sources */ = {isa = PBXBuildFile; fileRef = 87872337277B23C2009D6658 /* AddressViewModel.swift */; };
		8787233A277B23F4009D6658 /* BagsViewModel.swift in Sources */ = {isa = PBXBuildFile; fileRef = 87872339277B23F4009D6658 /* BagsViewModel.swift */; };
		8787233C277B272B009D6658 /* BasketView.swift in Sources */ = {isa = PBXBuildFile; fileRef = 8787233B277B272B009D6658 /* BasketView.swift */; };
		8787233E277B274B009D6658 /* BasketView.xib in Resources */ = {isa = PBXBuildFile; fileRef = 8787233D277B274B009D6658 /* BasketView.xib */; };
		87872341277C2683009D6658 /* TextFieldHolderViewController.swift in Sources */ = {isa = PBXBuildFile; fileRef = 87872340277C2683009D6658 /* TextFieldHolderViewController.swift */; };
		87C663E9278D5E12003F4A5D /* RepositoryAccessor.swift in Sources */ = {isa = PBXBuildFile; fileRef = 87C663E8278D5E12003F4A5D /* RepositoryAccessor.swift */; };
		87C663ED278D5EFE003F4A5D /* mock.json in Resources */ = {isa = PBXBuildFile; fileRef = 87C663EC278D5EFE003F4A5D /* mock.json */; };
		87DA8C4027897A3B007F156D /* DropIt.xcdatamodeld in Sources */ = {isa = PBXBuildFile; fileRef = 87DA8C3E27897A3B007F156D /* DropIt.xcdatamodeld */; };
		87DA8C5827897E56007F156D /* RepositoryDelegate.swift in Sources */ = {isa = PBXBuildFile; fileRef = 87DA8C5727897E56007F156D /* RepositoryDelegate.swift */; };
		87DA8C5A27897F3E007F156D /* DropItRepository.swift in Sources */ = {isa = PBXBuildFile; fileRef = 87DA8C5927897F3E007F156D /* DropItRepository.swift */; };
		87DA8C5C2789811F007F156D /* UserRepository.swift in Sources */ = {isa = PBXBuildFile; fileRef = 87DA8C5B2789811F007F156D /* UserRepository.swift */; };
		87DA8C5E2789812F007F156D /* AddressRepository.swift in Sources */ = {isa = PBXBuildFile; fileRef = 87DA8C5D2789812F007F156D /* AddressRepository.swift */; };
		87DA8C6027898140007F156D /* BagsRepository.swift in Sources */ = {isa = PBXBuildFile; fileRef = 87DA8C5F27898140007F156D /* BagsRepository.swift */; };
		87DA8C622789A410007F156D /* NetworkOperation.swift in Sources */ = {isa = PBXBuildFile; fileRef = 87DA8C612789A410007F156D /* NetworkOperation.swift */; };
		87DA8C642789BB04007F156D /* SplashViewModel.swift in Sources */ = {isa = PBXBuildFile; fileRef = 87DA8C632789BB04007F156D /* SplashViewModel.swift */; };
/* End PBXBuildFile section */

/* Begin PBXContainerItemProxy section */
		87449747277ACAEF009F8680 /* PBXContainerItemProxy */ = {
			isa = PBXContainerItemProxy;
			containerPortal = 87449728277ACAEE009F8680 /* Project object */;
			proxyType = 1;
			remoteGlobalIDString = 8744972F277ACAEE009F8680;
			remoteInfo = "drop-it";
		};
		87449751277ACAEF009F8680 /* PBXContainerItemProxy */ = {
			isa = PBXContainerItemProxy;
			containerPortal = 87449728277ACAEE009F8680 /* Project object */;
			proxyType = 1;
			remoteGlobalIDString = 8744972F277ACAEE009F8680;
			remoteInfo = "drop-it";
		};
/* End PBXContainerItemProxy section */

/* Begin PBXFileReference section */
		87449730277ACAEE009F8680 /* drop-it.app */ = {isa = PBXFileReference; explicitFileType = wrapper.application; includeInIndex = 0; path = "drop-it.app"; sourceTree = BUILT_PRODUCTS_DIR; };
		87449733277ACAEE009F8680 /* AppDelegate.swift */ = {isa = PBXFileReference; lastKnownFileType = sourcecode.swift; path = AppDelegate.swift; sourceTree = "<group>"; };
		87449735277ACAEE009F8680 /* SceneDelegate.swift */ = {isa = PBXFileReference; lastKnownFileType = sourcecode.swift; path = SceneDelegate.swift; sourceTree = "<group>"; };
		87449737277ACAEE009F8680 /* SplashViewController.swift */ = {isa = PBXFileReference; lastKnownFileType = sourcecode.swift; path = SplashViewController.swift; sourceTree = "<group>"; };
		8744973A277ACAEE009F8680 /* Base */ = {isa = PBXFileReference; lastKnownFileType = file.storyboard; name = Base; path = Base.lproj/Main.storyboard; sourceTree = "<group>"; };
		8744973C277ACAEF009F8680 /* Assets.xcassets */ = {isa = PBXFileReference; lastKnownFileType = folder.assetcatalog; path = Assets.xcassets; sourceTree = "<group>"; };
		8744973F277ACAEF009F8680 /* Base */ = {isa = PBXFileReference; lastKnownFileType = file.storyboard; name = Base; path = Base.lproj/LaunchScreen.storyboard; sourceTree = "<group>"; };
		87449741277ACAEF009F8680 /* Info.plist */ = {isa = PBXFileReference; lastKnownFileType = text.plist.xml; path = Info.plist; sourceTree = "<group>"; };
		87449746277ACAEF009F8680 /* drop-itTests.xctest */ = {isa = PBXFileReference; explicitFileType = wrapper.cfbundle; includeInIndex = 0; path = "drop-itTests.xctest"; sourceTree = BUILT_PRODUCTS_DIR; };
		8744974A277ACAEF009F8680 /* drop_itTests.swift */ = {isa = PBXFileReference; lastKnownFileType = sourcecode.swift; path = drop_itTests.swift; sourceTree = "<group>"; };
		87449750277ACAEF009F8680 /* drop-itUITests.xctest */ = {isa = PBXFileReference; explicitFileType = wrapper.cfbundle; includeInIndex = 0; path = "drop-itUITests.xctest"; sourceTree = BUILT_PRODUCTS_DIR; };
		87449754277ACAEF009F8680 /* drop_itUITests.swift */ = {isa = PBXFileReference; lastKnownFileType = sourcecode.swift; path = drop_itUITests.swift; sourceTree = "<group>"; };
		87449756277ACAEF009F8680 /* drop_itUITestsLaunchTests.swift */ = {isa = PBXFileReference; lastKnownFileType = sourcecode.swift; path = drop_itUITestsLaunchTests.swift; sourceTree = "<group>"; };
		87449763277ACAFA009F8680 /* Drop.storyboard */ = {isa = PBXFileReference; lastKnownFileType = file.storyboard; path = Drop.storyboard; sourceTree = "<group>"; };
		87449766277ACB36009F8680 /* DropStoryboarded.swift */ = {isa = PBXFileReference; lastKnownFileType = sourcecode.swift; path = DropStoryboarded.swift; sourceTree = "<group>"; };
		87449768277ACB51009F8680 /* Router.swift */ = {isa = PBXFileReference; lastKnownFileType = sourcecode.swift; path = Router.swift; sourceTree = "<group>"; };
		8744976E277ACE51009F8680 /* ContactDetailsViewController.swift */ = {isa = PBXFileReference; lastKnownFileType = sourcecode.swift; path = ContactDetailsViewController.swift; sourceTree = "<group>"; };
		87449770277ACE79009F8680 /* AddressViewController.swift */ = {isa = PBXFileReference; lastKnownFileType = sourcecode.swift; path = AddressViewController.swift; sourceTree = "<group>"; };
		87449772277ACE9D009F8680 /* BagsViewController.swift */ = {isa = PBXFileReference; lastKnownFileType = sourcecode.swift; path = BagsViewController.swift; sourceTree = "<group>"; };
		87449774277ACEC9009F8680 /* ReviewViewController.swift */ = {isa = PBXFileReference; lastKnownFileType = sourcecode.swift; path = ReviewViewController.swift; sourceTree = "<group>"; };
		87449776277ACEE8009F8680 /* ResultViewController.swift */ = {isa = PBXFileReference; lastKnownFileType = sourcecode.swift; path = ResultViewController.swift; sourceTree = "<group>"; };
		87449779277AD218009F8680 /* URLRequest.swift */ = {isa = PBXFileReference; lastKnownFileType = sourcecode.swift; path = URLRequest.swift; sourceTree = "<group>"; };
		8744977E277AD672009F8680 /* API.swift */ = {isa = PBXFileReference; lastKnownFileType = sourcecode.swift; path = API.swift; sourceTree = "<group>"; };
		87449780277AD79F009F8680 /* RequestType.swift */ = {isa = PBXFileReference; lastKnownFileType = sourcecode.swift; path = RequestType.swift; sourceTree = "<group>"; };
		87449783277AD7EE009F8680 /* User.swift */ = {isa = PBXFileReference; lastKnownFileType = sourcecode.swift; path = User.swift; sourceTree = "<group>"; };
		87449785277AD841009F8680 /* Address.swift */ = {isa = PBXFileReference; lastKnownFileType = sourcecode.swift; path = Address.swift; sourceTree = "<group>"; };
		8744978A277ADB24009F8680 /* Constants.swift */ = {isa = PBXFileReference; lastKnownFileType = sourcecode.swift; path = Constants.swift; sourceTree = "<group>"; };
		8744978C277ADC28009F8680 /* DropCodable + Mirroring.swift */ = {isa = PBXFileReference; lastKnownFileType = sourcecode.swift; path = "DropCodable + Mirroring.swift"; sourceTree = "<group>"; };
		8744978E277ADCD1009F8680 /* DropCodable.swift */ = {isa = PBXFileReference; lastKnownFileType = sourcecode.swift; path = DropCodable.swift; sourceTree = "<group>"; };
		87449792277ADFC9009F8680 /* Observable.swift */ = {isa = PBXFileReference; lastKnownFileType = sourcecode.swift; path = Observable.swift; sourceTree = "<group>"; };
		87449794277AE132009F8680 /* DropViewModel.swift */ = {isa = PBXFileReference; lastKnownFileType = sourcecode.swift; path = DropViewModel.swift; sourceTree = "<group>"; };
		87449796277AE369009F8680 /* Dropper.swift */ = {isa = PBXFileReference; lastKnownFileType = sourcecode.swift; path = Dropper.swift; sourceTree = "<group>"; };
		8767DB0F278AA72B0007CF38 /* Bag.swift */ = {isa = PBXFileReference; lastKnownFileType = sourcecode.swift; path = Bag.swift; sourceTree = "<group>"; };
		8787232A277AFE22009D6658 /* FloatingTag.swift */ = {isa = PBXFileReference; lastKnownFileType = sourcecode.swift; path = FloatingTag.swift; sourceTree = "<group>"; };
		8787232C277AFE63009D6658 /* UIView.swift */ = {isa = PBXFileReference; lastKnownFileType = sourcecode.swift; path = UIView.swift; sourceTree = "<group>"; };
		8787232E277AFE7B009D6658 /* FloatingTag.xib */ = {isa = PBXFileReference; lastKnownFileType = file.xib; path = FloatingTag.xib; sourceTree = "<group>"; };
		87872333277B1E28009D6658 /* UIViewController.swift */ = {isa = PBXFileReference; lastKnownFileType = sourcecode.swift; path = UIViewController.swift; sourceTree = "<group>"; };
		87872335277B2309009D6658 /* ContactViewModel.swift */ = {isa = PBXFileReference; lastKnownFileType = sourcecode.swift; path = ContactViewModel.swift; sourceTree = "<group>"; };
		87872337277B23C2009D6658 /* AddressViewModel.swift */ = {isa = PBXFileReference; lastKnownFileType = sourcecode.swift; path = AddressViewModel.swift; sourceTree = "<group>"; };
		87872339277B23F4009D6658 /* BagsViewModel.swift */ = {isa = PBXFileReference; lastKnownFileType = sourcecode.swift; path = BagsViewModel.swift; sourceTree = "<group>"; };
		8787233B277B272B009D6658 /* BasketView.swift */ = {isa = PBXFileReference; lastKnownFileType = sourcecode.swift; path = BasketView.swift; sourceTree = "<group>"; };
		8787233D277B274B009D6658 /* BasketView.xib */ = {isa = PBXFileReference; lastKnownFileType = file.xib; path = BasketView.xib; sourceTree = "<group>"; };
		87872340277C2683009D6658 /* TextFieldHolderViewController.swift */ = {isa = PBXFileReference; lastKnownFileType = sourcecode.swift; path = TextFieldHolderViewController.swift; sourceTree = "<group>"; };
		87C663E8278D5E12003F4A5D /* RepositoryAccessor.swift */ = {isa = PBXFileReference; lastKnownFileType = sourcecode.swift; path = RepositoryAccessor.swift; sourceTree = "<group>"; };
		87C663EC278D5EFE003F4A5D /* mock.json */ = {isa = PBXFileReference; fileEncoding = 4; lastKnownFileType = text.json; path = mock.json; sourceTree = "<group>"; };
		87DA8C3F27897A3B007F156D /* DropIt.xcdatamodel */ = {isa = PBXFileReference; lastKnownFileType = wrapper.xcdatamodel; path = DropIt.xcdatamodel; sourceTree = "<group>"; };
		87DA8C5727897E56007F156D /* RepositoryDelegate.swift */ = {isa = PBXFileReference; lastKnownFileType = sourcecode.swift; path = RepositoryDelegate.swift; sourceTree = "<group>"; };
		87DA8C5927897F3E007F156D /* DropItRepository.swift */ = {isa = PBXFileReference; lastKnownFileType = sourcecode.swift; path = DropItRepository.swift; sourceTree = "<group>"; };
		87DA8C5B2789811F007F156D /* UserRepository.swift */ = {isa = PBXFileReference; lastKnownFileType = sourcecode.swift; path = UserRepository.swift; sourceTree = "<group>"; };
		87DA8C5D2789812F007F156D /* AddressRepository.swift */ = {isa = PBXFileReference; lastKnownFileType = sourcecode.swift; path = AddressRepository.swift; sourceTree = "<group>"; };
		87DA8C5F27898140007F156D /* BagsRepository.swift */ = {isa = PBXFileReference; lastKnownFileType = sourcecode.swift; path = BagsRepository.swift; sourceTree = "<group>"; };
		87DA8C612789A410007F156D /* NetworkOperation.swift */ = {isa = PBXFileReference; lastKnownFileType = sourcecode.swift; path = NetworkOperation.swift; sourceTree = "<group>"; };
		87DA8C632789BB04007F156D /* SplashViewModel.swift */ = {isa = PBXFileReference; lastKnownFileType = sourcecode.swift; path = SplashViewModel.swift; sourceTree = "<group>"; };
/* End PBXFileReference section */

/* Begin PBXFrameworksBuildPhase section */
		8744972D277ACAEE009F8680 /* Frameworks */ = {
			isa = PBXFrameworksBuildPhase;
			buildActionMask = 2147483647;
			files = (
			);
			runOnlyForDeploymentPostprocessing = 0;
		};
		87449743277ACAEF009F8680 /* Frameworks */ = {
			isa = PBXFrameworksBuildPhase;
			buildActionMask = 2147483647;
			files = (
			);
			runOnlyForDeploymentPostprocessing = 0;
		};
		8744974D277ACAEF009F8680 /* Frameworks */ = {
			isa = PBXFrameworksBuildPhase;
			buildActionMask = 2147483647;
			files = (
			);
			runOnlyForDeploymentPostprocessing = 0;
		};
/* End PBXFrameworksBuildPhase section */

/* Begin PBXGroup section */
		87449727277ACAEE009F8680 = {
			isa = PBXGroup;
			children = (
				87449732277ACAEE009F8680 /* drop-it */,
				87449749277ACAEF009F8680 /* drop-itTests */,
				87449753277ACAEF009F8680 /* drop-itUITests */,
				87449731277ACAEE009F8680 /* Products */,
			);
			sourceTree = "<group>";
		};
		87449731277ACAEE009F8680 /* Products */ = {
			isa = PBXGroup;
			children = (
				87449730277ACAEE009F8680 /* drop-it.app */,
				87449746277ACAEF009F8680 /* drop-itTests.xctest */,
				87449750277ACAEF009F8680 /* drop-itUITests.xctest */,
			);
			name = Products;
			sourceTree = "<group>";
		};
		87449732277ACAEE009F8680 /* drop-it */ = {
			isa = PBXGroup;
			children = (
				87DA8C5627897E41007F156D /* Repository */,
				87DA8C3D27897A26007F156D /* Database */,
				87872329277AFE05009D6658 /* Views */,
				87449791277ADFBA009F8680 /* ViewModel */,
				87449782277AD7DC009F8680 /* Models */,
				8744977D277AD664009F8680 /* API */,
				8744976D277ACE40009F8680 /* Controllers */,
				8744976A277ACC52009F8680 /* extensions */,
				87449765277ACB25009F8680 /* Router */,
				87449733277ACAEE009F8680 /* AppDelegate.swift */,
				87449735277ACAEE009F8680 /* SceneDelegate.swift */,
				87449737277ACAEE009F8680 /* SplashViewController.swift */,
				87449739277ACAEE009F8680 /* Main.storyboard */,
				8744973C277ACAEF009F8680 /* Assets.xcassets */,
				8744973E277ACAEF009F8680 /* LaunchScreen.storyboard */,
				87449741277ACAEF009F8680 /* Info.plist */,
				87449763277ACAFA009F8680 /* Drop.storyboard */,
				8744978A277ADB24009F8680 /* Constants.swift */,
			);
			path = "drop-it";
			sourceTree = "<group>";
		};
		87449749277ACAEF009F8680 /* drop-itTests */ = {
			isa = PBXGroup;
			children = (
				8744974A277ACAEF009F8680 /* drop_itTests.swift */,
			);
			path = "drop-itTests";
			sourceTree = "<group>";
		};
		87449753277ACAEF009F8680 /* drop-itUITests */ = {
			isa = PBXGroup;
			children = (
				87449754277ACAEF009F8680 /* drop_itUITests.swift */,
				87449756277ACAEF009F8680 /* drop_itUITestsLaunchTests.swift */,
			);
			path = "drop-itUITests";
			sourceTree = "<group>";
		};
		87449765277ACB25009F8680 /* Router */ = {
			isa = PBXGroup;
			children = (
				87449766277ACB36009F8680 /* DropStoryboarded.swift */,
				87449768277ACB51009F8680 /* Router.swift */,
			);
			path = Router;
			sourceTree = "<group>";
		};
		8744976A277ACC52009F8680 /* extensions */ = {
			isa = PBXGroup;
			children = (
				87449779277AD218009F8680 /* URLRequest.swift */,
				8744978C277ADC28009F8680 /* DropCodable + Mirroring.swift */,
				8787232C277AFE63009D6658 /* UIView.swift */,
				87872333277B1E28009D6658 /* UIViewController.swift */,
			);
			path = extensions;
			sourceTree = "<group>";
		};
		8744976D277ACE40009F8680 /* Controllers */ = {
			isa = PBXGroup;
			children = (
				8744976E277ACE51009F8680 /* ContactDetailsViewController.swift */,
				87449770277ACE79009F8680 /* AddressViewController.swift */,
				87449772277ACE9D009F8680 /* BagsViewController.swift */,
				87449774277ACEC9009F8680 /* ReviewViewController.swift */,
				87449776277ACEE8009F8680 /* ResultViewController.swift */,
				87872340277C2683009D6658 /* TextFieldHolderViewController.swift */,
			);
			path = Controllers;
			sourceTree = "<group>";
		};
		8744977D277AD664009F8680 /* API */ = {
			isa = PBXGroup;
			children = (
				8744977E277AD672009F8680 /* API.swift */,
				87449780277AD79F009F8680 /* RequestType.swift */,
				87DA8C612789A410007F156D /* NetworkOperation.swift */,
			);
			path = API;
			sourceTree = "<group>";
		};
		87449782277AD7DC009F8680 /* Models */ = {
			isa = PBXGroup;
			children = (
				87449783277AD7EE009F8680 /* User.swift */,
				87449785277AD841009F8680 /* Address.swift */,
				8744978E277ADCD1009F8680 /* DropCodable.swift */,
				87449796277AE369009F8680 /* Dropper.swift */,
				8767DB0F278AA72B0007CF38 /* Bag.swift */,
			);
			path = Models;
			sourceTree = "<group>";
		};
		87449791277ADFBA009F8680 /* ViewModel */ = {
			isa = PBXGroup;
			children = (
				87449792277ADFC9009F8680 /* Observable.swift */,
				87449794277AE132009F8680 /* DropViewModel.swift */,
				87872335277B2309009D6658 /* ContactViewModel.swift */,
				87872337277B23C2009D6658 /* AddressViewModel.swift */,
				87872339277B23F4009D6658 /* BagsViewModel.swift */,
				87DA8C632789BB04007F156D /* SplashViewModel.swift */,
			);
			path = ViewModel;
			sourceTree = "<group>";
		};
		87872329277AFE05009D6658 /* Views */ = {
			isa = PBXGroup;
			children = (
				8787232A277AFE22009D6658 /* FloatingTag.swift */,
				8787232E277AFE7B009D6658 /* FloatingTag.xib */,
				8787233B277B272B009D6658 /* BasketView.swift */,
				8787233D277B274B009D6658 /* BasketView.xib */,
			);
			path = Views;
			sourceTree = "<group>";
		};
		87DA8C3D27897A26007F156D /* Database */ = {
			isa = PBXGroup;
			children = (
				87DA8C3E27897A3B007F156D /* DropIt.xcdatamodeld */,
			);
			path = Database;
			sourceTree = "<group>";
		};
		87DA8C5627897E41007F156D /* Repository */ = {
			isa = PBXGroup;
			children = (
				87C663EC278D5EFE003F4A5D /* mock.json */,
				87DA8C5727897E56007F156D /* RepositoryDelegate.swift */,
				87DA8C5927897F3E007F156D /* DropItRepository.swift */,
				87DA8C5B2789811F007F156D /* UserRepository.swift */,
				87DA8C5D2789812F007F156D /* AddressRepository.swift */,
				87DA8C5F27898140007F156D /* BagsRepository.swift */,
				87C663E8278D5E12003F4A5D /* RepositoryAccessor.swift */,
			);
			path = Repository;
			sourceTree = "<group>";
		};
/* End PBXGroup section */

/* Begin PBXNativeTarget section */
		8744972F277ACAEE009F8680 /* drop-it */ = {
			isa = PBXNativeTarget;
			buildConfigurationList = 8744975A277ACAEF009F8680 /* Build configuration list for PBXNativeTarget "drop-it" */;
			buildPhases = (
				8744972C277ACAEE009F8680 /* Sources */,
				8744972D277ACAEE009F8680 /* Frameworks */,
				8744972E277ACAEE009F8680 /* Resources */,
			);
			buildRules = (
			);
			dependencies = (
			);
			name = "drop-it";
			productName = "drop-it";
			productReference = 87449730277ACAEE009F8680 /* drop-it.app */;
			productType = "com.apple.product-type.application";
		};
		87449745277ACAEF009F8680 /* drop-itTests */ = {
			isa = PBXNativeTarget;
			buildConfigurationList = 8744975D277ACAEF009F8680 /* Build configuration list for PBXNativeTarget "drop-itTests" */;
			buildPhases = (
				87449742277ACAEF009F8680 /* Sources */,
				87449743277ACAEF009F8680 /* Frameworks */,
				87449744277ACAEF009F8680 /* Resources */,
			);
			buildRules = (
			);
			dependencies = (
				87449748277ACAEF009F8680 /* PBXTargetDependency */,
			);
			name = "drop-itTests";
			productName = "drop-itTests";
			productReference = 87449746277ACAEF009F8680 /* drop-itTests.xctest */;
			productType = "com.apple.product-type.bundle.unit-test";
		};
		8744974F277ACAEF009F8680 /* drop-itUITests */ = {
			isa = PBXNativeTarget;
			buildConfigurationList = 87449760277ACAEF009F8680 /* Build configuration list for PBXNativeTarget "drop-itUITests" */;
			buildPhases = (
				8744974C277ACAEF009F8680 /* Sources */,
				8744974D277ACAEF009F8680 /* Frameworks */,
				8744974E277ACAEF009F8680 /* Resources */,
			);
			buildRules = (
			);
			dependencies = (
				87449752277ACAEF009F8680 /* PBXTargetDependency */,
			);
			name = "drop-itUITests";
			productName = "drop-itUITests";
			productReference = 87449750277ACAEF009F8680 /* drop-itUITests.xctest */;
			productType = "com.apple.product-type.bundle.ui-testing";
		};
/* End PBXNativeTarget section */

/* Begin PBXProject section */
		87449728277ACAEE009F8680 /* Project object */ = {
			isa = PBXProject;
			attributes = {
				BuildIndependentTargetsInParallel = 1;
				LastSwiftUpdateCheck = 1320;
				LastUpgradeCheck = 1320;
				TargetAttributes = {
					8744972F277ACAEE009F8680 = {
						CreatedOnToolsVersion = 13.2.1;
					};
					87449745277ACAEF009F8680 = {
						CreatedOnToolsVersion = 13.2.1;
						TestTargetID = 8744972F277ACAEE009F8680;
					};
					8744974F277ACAEF009F8680 = {
						CreatedOnToolsVersion = 13.2.1;
						TestTargetID = 8744972F277ACAEE009F8680;
					};
				};
			};
			buildConfigurationList = 8744972B277ACAEE009F8680 /* Build configuration list for PBXProject "drop-it" */;
			compatibilityVersion = "Xcode 13.0";
			developmentRegion = en;
			hasScannedForEncodings = 0;
			knownRegions = (
				en,
				Base,
			);
			mainGroup = 87449727277ACAEE009F8680;
			productRefGroup = 87449731277ACAEE009F8680 /* Products */;
			projectDirPath = "";
			projectRoot = "";
			targets = (
				8744972F277ACAEE009F8680 /* drop-it */,
				87449745277ACAEF009F8680 /* drop-itTests */,
				8744974F277ACAEF009F8680 /* drop-itUITests */,
			);
		};
/* End PBXProject section */

/* Begin PBXResourcesBuildPhase section */
		8744972E277ACAEE009F8680 /* Resources */ = {
			isa = PBXResourcesBuildPhase;
			buildActionMask = 2147483647;
			files = (
				8787233E277B274B009D6658 /* BasketView.xib in Resources */,
				8787232F277AFE7B009D6658 /* FloatingTag.xib in Resources */,
				87449740277ACAEF009F8680 /* LaunchScreen.storyboard in Resources */,
				8744973D277ACAEF009F8680 /* Assets.xcassets in Resources */,
				8744973B277ACAEE009F8680 /* Main.storyboard in Resources */,
				87449764277ACAFA009F8680 /* Drop.storyboard in Resources */,
				87C663ED278D5EFE003F4A5D /* mock.json in Resources */,
			);
			runOnlyForDeploymentPostprocessing = 0;
		};
		87449744277ACAEF009F8680 /* Resources */ = {
			isa = PBXResourcesBuildPhase;
			buildActionMask = 2147483647;
			files = (
			);
			runOnlyForDeploymentPostprocessing = 0;
		};
		8744974E277ACAEF009F8680 /* Resources */ = {
			isa = PBXResourcesBuildPhase;
			buildActionMask = 2147483647;
			files = (
			);
			runOnlyForDeploymentPostprocessing = 0;
		};
/* End PBXResourcesBuildPhase section */

/* Begin PBXSourcesBuildPhase section */
		8744972C277ACAEE009F8680 /* Sources */ = {
			isa = PBXSourcesBuildPhase;
			buildActionMask = 2147483647;
			files = (
				87DA8C6027898140007F156D /* BagsRepository.swift in Sources */,
				87DA8C5827897E56007F156D /* RepositoryDelegate.swift in Sources */,
				87449767277ACB36009F8680 /* DropStoryboarded.swift in Sources */,
				8744978B277ADB24009F8680 /* Constants.swift in Sources */,
				87872338277B23C2009D6658 /* AddressViewModel.swift in Sources */,
				87DA8C622789A410007F156D /* NetworkOperation.swift in Sources */,
				87449738277ACAEE009F8680 /* SplashViewController.swift in Sources */,
				8767DB10278AA72B0007CF38 /* Bag.swift in Sources */,
				87872334277B1E29009D6658 /* UIViewController.swift in Sources */,
				8787233C277B272B009D6658 /* BasketView.swift in Sources */,
				87DA8C5E2789812F007F156D /* AddressRepository.swift in Sources */,
				87449781277AD79F009F8680 /* RequestType.swift in Sources */,
				8744976F277ACE51009F8680 /* ContactDetailsViewController.swift in Sources */,
				87C663E9278D5E12003F4A5D /* RepositoryAccessor.swift in Sources */,
				8744978F277ADCD1009F8680 /* DropCodable.swift in Sources */,
				87449769277ACB51009F8680 /* Router.swift in Sources */,
				87449734277ACAEE009F8680 /* AppDelegate.swift in Sources */,
				87DA8C5A27897F3E007F156D /* DropItRepository.swift in Sources */,
				87DA8C4027897A3B007F156D /* DropIt.xcdatamodeld in Sources */,
				87449784277AD7EE009F8680 /* User.swift in Sources */,
				87449777277ACEE8009F8680 /* ResultViewController.swift in Sources */,
				87DA8C5C2789811F007F156D /* UserRepository.swift in Sources */,
				87449771277ACE79009F8680 /* AddressViewController.swift in Sources */,
				87449797277AE369009F8680 /* Dropper.swift in Sources */,
				87872341277C2683009D6658 /* TextFieldHolderViewController.swift in Sources */,
				87449786277AD841009F8680 /* Address.swift in Sources */,
				8744977A277AD218009F8680 /* URLRequest.swift in Sources */,
				87449736277ACAEE009F8680 /* SceneDelegate.swift in Sources */,
				8787232D277AFE63009D6658 /* UIView.swift in Sources */,
				8744978D277ADC28009F8680 /* DropCodable + Mirroring.swift in Sources */,
				87449793277ADFC9009F8680 /* Observable.swift in Sources */,
				87449773277ACE9D009F8680 /* BagsViewController.swift in Sources */,
				87DA8C642789BB04007F156D /* SplashViewModel.swift in Sources */,
				8744977F277AD672009F8680 /* API.swift in Sources */,
				8787232B277AFE22009D6658 /* FloatingTag.swift in Sources */,
				87449795277AE132009F8680 /* DropViewModel.swift in Sources */,
				87449775277ACEC9009F8680 /* ReviewViewController.swift in Sources */,
				87872336277B2309009D6658 /* ContactViewModel.swift in Sources */,
				8787233A277B23F4009D6658 /* BagsViewModel.swift in Sources */,
			);
			runOnlyForDeploymentPostprocessing = 0;
		};
		87449742277ACAEF009F8680 /* Sources */ = {
			isa = PBXSourcesBuildPhase;
			buildActionMask = 2147483647;
			files = (
				8744974B277ACAEF009F8680 /* drop_itTests.swift in Sources */,
			);
			runOnlyForDeploymentPostprocessing = 0;
		};
		8744974C277ACAEF009F8680 /* Sources */ = {
			isa = PBXSourcesBuildPhase;
			buildActionMask = 2147483647;
			files = (
				87449757277ACAEF009F8680 /* drop_itUITestsLaunchTests.swift in Sources */,
				87449755277ACAEF009F8680 /* drop_itUITests.swift in Sources */,
			);
			runOnlyForDeploymentPostprocessing = 0;
		};
/* End PBXSourcesBuildPhase section */

/* Begin PBXTargetDependency section */
		87449748277ACAEF009F8680 /* PBXTargetDependency */ = {
			isa = PBXTargetDependency;
			target = 8744972F277ACAEE009F8680 /* drop-it */;
			targetProxy = 87449747277ACAEF009F8680 /* PBXContainerItemProxy */;
		};
		87449752277ACAEF009F8680 /* PBXTargetDependency */ = {
			isa = PBXTargetDependency;
			target = 8744972F277ACAEE009F8680 /* drop-it */;
			targetProxy = 87449751277ACAEF009F8680 /* PBXContainerItemProxy */;
		};
/* End PBXTargetDependency section */

/* Begin PBXVariantGroup section */
		87449739277ACAEE009F8680 /* Main.storyboard */ = {
			isa = PBXVariantGroup;
			children = (
				8744973A277ACAEE009F8680 /* Base */,
			);
			name = Main.storyboard;
			sourceTree = "<group>";
		};
		8744973E277ACAEF009F8680 /* LaunchScreen.storyboard */ = {
			isa = PBXVariantGroup;
			children = (
				8744973F277ACAEF009F8680 /* Base */,
			);
			name = LaunchScreen.storyboard;
			sourceTree = "<group>";
		};
/* End PBXVariantGroup section */

/* Begin XCBuildConfiguration section */
		87449758277ACAEF009F8680 /* Debug */ = {
			isa = XCBuildConfiguration;
			buildSettings = {
				ALWAYS_SEARCH_USER_PATHS = NO;
				CLANG_ANALYZER_NONNULL = YES;
				CLANG_ANALYZER_NUMBER_OBJECT_CONVERSION = YES_AGGRESSIVE;
				CLANG_CXX_LANGUAGE_STANDARD = "gnu++17";
				CLANG_CXX_LIBRARY = "libc++";
				CLANG_ENABLE_MODULES = YES;
				CLANG_ENABLE_OBJC_ARC = YES;
				CLANG_ENABLE_OBJC_WEAK = YES;
				CLANG_WARN_BLOCK_CAPTURE_AUTORELEASING = YES;
				CLANG_WARN_BOOL_CONVERSION = YES;
				CLANG_WARN_COMMA = YES;
				CLANG_WARN_CONSTANT_CONVERSION = YES;
				CLANG_WARN_DEPRECATED_OBJC_IMPLEMENTATIONS = YES;
				CLANG_WARN_DIRECT_OBJC_ISA_USAGE = YES_ERROR;
				CLANG_WARN_DOCUMENTATION_COMMENTS = YES;
				CLANG_WARN_EMPTY_BODY = YES;
				CLANG_WARN_ENUM_CONVERSION = YES;
				CLANG_WARN_INFINITE_RECURSION = YES;
				CLANG_WARN_INT_CONVERSION = YES;
				CLANG_WARN_NON_LITERAL_NULL_CONVERSION = YES;
				CLANG_WARN_OBJC_IMPLICIT_RETAIN_SELF = YES;
				CLANG_WARN_OBJC_LITERAL_CONVERSION = YES;
				CLANG_WARN_OBJC_ROOT_CLASS = YES_ERROR;
				CLANG_WARN_QUOTED_INCLUDE_IN_FRAMEWORK_HEADER = YES;
				CLANG_WARN_RANGE_LOOP_ANALYSIS = YES;
				CLANG_WARN_STRICT_PROTOTYPES = YES;
				CLANG_WARN_SUSPICIOUS_MOVE = YES;
				CLANG_WARN_UNGUARDED_AVAILABILITY = YES_AGGRESSIVE;
				CLANG_WARN_UNREACHABLE_CODE = YES;
				CLANG_WARN__DUPLICATE_METHOD_MATCH = YES;
				COPY_PHASE_STRIP = NO;
				DEBUG_INFORMATION_FORMAT = dwarf;
				ENABLE_STRICT_OBJC_MSGSEND = YES;
				ENABLE_TESTABILITY = YES;
				GCC_C_LANGUAGE_STANDARD = gnu11;
				GCC_DYNAMIC_NO_PIC = NO;
				GCC_NO_COMMON_BLOCKS = YES;
				GCC_OPTIMIZATION_LEVEL = 0;
				GCC_PREPROCESSOR_DEFINITIONS = (
					"DEBUG=1",
					"$(inherited)",
				);
				GCC_WARN_64_TO_32_BIT_CONVERSION = YES;
				GCC_WARN_ABOUT_RETURN_TYPE = YES_ERROR;
				GCC_WARN_UNDECLARED_SELECTOR = YES;
				GCC_WARN_UNINITIALIZED_AUTOS = YES_AGGRESSIVE;
				GCC_WARN_UNUSED_FUNCTION = YES;
				GCC_WARN_UNUSED_VARIABLE = YES;
				IPHONEOS_DEPLOYMENT_TARGET = 15.2;
				MTL_ENABLE_DEBUG_INFO = INCLUDE_SOURCE;
				MTL_FAST_MATH = YES;
				ONLY_ACTIVE_ARCH = YES;
				SDKROOT = iphoneos;
				SWIFT_ACTIVE_COMPILATION_CONDITIONS = DEBUG;
				SWIFT_OPTIMIZATION_LEVEL = "-Onone";
			};
			name = Debug;
		};
		87449759277ACAEF009F8680 /* Release */ = {
			isa = XCBuildConfiguration;
			buildSettings = {
				ALWAYS_SEARCH_USER_PATHS = NO;
				CLANG_ANALYZER_NONNULL = YES;
				CLANG_ANALYZER_NUMBER_OBJECT_CONVERSION = YES_AGGRESSIVE;
				CLANG_CXX_LANGUAGE_STANDARD = "gnu++17";
				CLANG_CXX_LIBRARY = "libc++";
				CLANG_ENABLE_MODULES = YES;
				CLANG_ENABLE_OBJC_ARC = YES;
				CLANG_ENABLE_OBJC_WEAK = YES;
				CLANG_WARN_BLOCK_CAPTURE_AUTORELEASING = YES;
				CLANG_WARN_BOOL_CONVERSION = YES;
				CLANG_WARN_COMMA = YES;
				CLANG_WARN_CONSTANT_CONVERSION = YES;
				CLANG_WARN_DEPRECATED_OBJC_IMPLEMENTATIONS = YES;
				CLANG_WARN_DIRECT_OBJC_ISA_USAGE = YES_ERROR;
				CLANG_WARN_DOCUMENTATION_COMMENTS = YES;
				CLANG_WARN_EMPTY_BODY = YES;
				CLANG_WARN_ENUM_CONVERSION = YES;
				CLANG_WARN_INFINITE_RECURSION = YES;
				CLANG_WARN_INT_CONVERSION = YES;
				CLANG_WARN_NON_LITERAL_NULL_CONVERSION = YES;
				CLANG_WARN_OBJC_IMPLICIT_RETAIN_SELF = YES;
				CLANG_WARN_OBJC_LITERAL_CONVERSION = YES;
				CLANG_WARN_OBJC_ROOT_CLASS = YES_ERROR;
				CLANG_WARN_QUOTED_INCLUDE_IN_FRAMEWORK_HEADER = YES;
				CLANG_WARN_RANGE_LOOP_ANALYSIS = YES;
				CLANG_WARN_STRICT_PROTOTYPES = YES;
				CLANG_WARN_SUSPICIOUS_MOVE = YES;
				CLANG_WARN_UNGUARDED_AVAILABILITY = YES_AGGRESSIVE;
				CLANG_WARN_UNREACHABLE_CODE = YES;
				CLANG_WARN__DUPLICATE_METHOD_MATCH = YES;
				COPY_PHASE_STRIP = NO;
				DEBUG_INFORMATION_FORMAT = "dwarf-with-dsym";
				ENABLE_NS_ASSERTIONS = NO;
				ENABLE_STRICT_OBJC_MSGSEND = YES;
				GCC_C_LANGUAGE_STANDARD = gnu11;
				GCC_NO_COMMON_BLOCKS = YES;
				GCC_WARN_64_TO_32_BIT_CONVERSION = YES;
				GCC_WARN_ABOUT_RETURN_TYPE = YES_ERROR;
				GCC_WARN_UNDECLARED_SELECTOR = YES;
				GCC_WARN_UNINITIALIZED_AUTOS = YES_AGGRESSIVE;
				GCC_WARN_UNUSED_FUNCTION = YES;
				GCC_WARN_UNUSED_VARIABLE = YES;
				IPHONEOS_DEPLOYMENT_TARGET = 15.2;
				MTL_ENABLE_DEBUG_INFO = NO;
				MTL_FAST_MATH = YES;
				SDKROOT = iphoneos;
				SWIFT_COMPILATION_MODE = wholemodule;
				SWIFT_OPTIMIZATION_LEVEL = "-O";
				VALIDATE_PRODUCT = YES;
			};
			name = Release;
		};
		8744975B277ACAEF009F8680 /* Debug */ = {
			isa = XCBuildConfiguration;
			buildSettings = {
				ASSETCATALOG_COMPILER_APPICON_NAME = AppIcon;
				ASSETCATALOG_COMPILER_GLOBAL_ACCENT_COLOR_NAME = AccentColor;
				CODE_SIGN_STYLE = Automatic;
				CURRENT_PROJECT_VERSION = 1;
				DEVELOPMENT_TEAM = STFH26U9BW;
				GENERATE_INFOPLIST_FILE = YES;
				INFOPLIST_FILE = "drop-it/Info.plist";
				INFOPLIST_KEY_UIApplicationSupportsIndirectInputEvents = YES;
				INFOPLIST_KEY_UILaunchStoryboardName = LaunchScreen;
				INFOPLIST_KEY_UIMainStoryboardFile = Main;
				INFOPLIST_KEY_UISupportedInterfaceOrientations_iPad = "UIInterfaceOrientationPortrait UIInterfaceOrientationPortraitUpsideDown UIInterfaceOrientationLandscapeLeft UIInterfaceOrientationLandscapeRight";
				INFOPLIST_KEY_UISupportedInterfaceOrientations_iPhone = "UIInterfaceOrientationPortrait UIInterfaceOrientationLandscapeLeft UIInterfaceOrientationLandscapeRight";
				IPHONEOS_DEPLOYMENT_TARGET = 15.0;
				LD_RUNPATH_SEARCH_PATHS = (
					"$(inherited)",
					"@executable_path/Frameworks",
				);
				MARKETING_VERSION = 1.0;
				PRODUCT_BUNDLE_IDENTIFIER = "com.moondev.drop-it";
				PRODUCT_NAME = "$(TARGET_NAME)";
				SWIFT_EMIT_LOC_STRINGS = YES;
				SWIFT_VERSION = 5.0;
				TARGETED_DEVICE_FAMILY = "1,2";
			};
			name = Debug;
		};
		8744975C277ACAEF009F8680 /* Release */ = {
			isa = XCBuildConfiguration;
			buildSettings = {
				ASSETCATALOG_COMPILER_APPICON_NAME = AppIcon;
				ASSETCATALOG_COMPILER_GLOBAL_ACCENT_COLOR_NAME = AccentColor;
				CODE_SIGN_STYLE = Automatic;
				CURRENT_PROJECT_VERSION = 1;
				DEVELOPMENT_TEAM = STFH26U9BW;
				GENERATE_INFOPLIST_FILE = YES;
				INFOPLIST_FILE = "drop-it/Info.plist";
				INFOPLIST_KEY_UIApplicationSupportsIndirectInputEvents = YES;
				INFOPLIST_KEY_UILaunchStoryboardName = LaunchScreen;
				INFOPLIST_KEY_UIMainStoryboardFile = Main;
				INFOPLIST_KEY_UISupportedInterfaceOrientations_iPad = "UIInterfaceOrientationPortrait UIInterfaceOrientationPortraitUpsideDown UIInterfaceOrientationLandscapeLeft UIInterfaceOrientationLandscapeRight";
				INFOPLIST_KEY_UISupportedInterfaceOrientations_iPhone = "UIInterfaceOrientationPortrait UIInterfaceOrientationLandscapeLeft UIInterfaceOrientationLandscapeRight";
				IPHONEOS_DEPLOYMENT_TARGET = 15.0;
				LD_RUNPATH_SEARCH_PATHS = (
					"$(inherited)",
					"@executable_path/Frameworks",
				);
				MARKETING_VERSION = 1.0;
				PRODUCT_BUNDLE_IDENTIFIER = "com.moondev.drop-it";
				PRODUCT_NAME = "$(TARGET_NAME)";
				SWIFT_EMIT_LOC_STRINGS = YES;
				SWIFT_VERSION = 5.0;
				TARGETED_DEVICE_FAMILY = "1,2";
			};
			name = Release;
		};
		8744975E277ACAEF009F8680 /* Debug */ = {
			isa = XCBuildConfiguration;
			buildSettings = {
				ALWAYS_EMBED_SWIFT_STANDARD_LIBRARIES = YES;
				BUNDLE_LOADER = "$(TEST_HOST)";
				CODE_SIGN_STYLE = Automatic;
				CURRENT_PROJECT_VERSION = 1;
				DEVELOPMENT_TEAM = STFH26U9BW;
				GENERATE_INFOPLIST_FILE = YES;
				IPHONEOS_DEPLOYMENT_TARGET = 15.2;
				MARKETING_VERSION = 1.0;
				PRODUCT_BUNDLE_IDENTIFIER = "com.moondev.drop-itTests";
				PRODUCT_NAME = "$(TARGET_NAME)";
				SWIFT_EMIT_LOC_STRINGS = NO;
				SWIFT_VERSION = 5.0;
				TARGETED_DEVICE_FAMILY = "1,2";
				TEST_HOST = "$(BUILT_PRODUCTS_DIR)/drop-it.app/drop-it";
			};
			name = Debug;
		};
		8744975F277ACAEF009F8680 /* Release */ = {
			isa = XCBuildConfiguration;
			buildSettings = {
				ALWAYS_EMBED_SWIFT_STANDARD_LIBRARIES = YES;
				BUNDLE_LOADER = "$(TEST_HOST)";
				CODE_SIGN_STYLE = Automatic;
				CURRENT_PROJECT_VERSION = 1;
				DEVELOPMENT_TEAM = STFH26U9BW;
				GENERATE_INFOPLIST_FILE = YES;
				IPHONEOS_DEPLOYMENT_TARGET = 15.2;
				MARKETING_VERSION = 1.0;
				PRODUCT_BUNDLE_IDENTIFIER = "com.moondev.drop-itTests";
				PRODUCT_NAME = "$(TARGET_NAME)";
				SWIFT_EMIT_LOC_STRINGS = NO;
				SWIFT_VERSION = 5.0;
				TARGETED_DEVICE_FAMILY = "1,2";
				TEST_HOST = "$(BUILT_PRODUCTS_DIR)/drop-it.app/drop-it";
			};
			name = Release;
		};
		87449761277ACAEF009F8680 /* Debug */ = {
			isa = XCBuildConfiguration;
			buildSettings = {
				ALWAYS_EMBED_SWIFT_STANDARD_LIBRARIES = YES;
				CODE_SIGN_STYLE = Automatic;
				CURRENT_PROJECT_VERSION = 1;
				DEVELOPMENT_TEAM = STFH26U9BW;
				GENERATE_INFOPLIST_FILE = YES;
				MARKETING_VERSION = 1.0;
				PRODUCT_BUNDLE_IDENTIFIER = "com.moondev.drop-itUITests";
				PRODUCT_NAME = "$(TARGET_NAME)";
				SWIFT_EMIT_LOC_STRINGS = NO;
				SWIFT_VERSION = 5.0;
				TARGETED_DEVICE_FAMILY = "1,2";
				TEST_TARGET_NAME = "drop-it";
			};
			name = Debug;
		};
		87449762277ACAEF009F8680 /* Release */ = {
			isa = XCBuildConfiguration;
			buildSettings = {
				ALWAYS_EMBED_SWIFT_STANDARD_LIBRARIES = YES;
				CODE_SIGN_STYLE = Automatic;
				CURRENT_PROJECT_VERSION = 1;
				DEVELOPMENT_TEAM = STFH26U9BW;
				GENERATE_INFOPLIST_FILE = YES;
				MARKETING_VERSION = 1.0;
				PRODUCT_BUNDLE_IDENTIFIER = "com.moondev.drop-itUITests";
				PRODUCT_NAME = "$(TARGET_NAME)";
				SWIFT_EMIT_LOC_STRINGS = NO;
				SWIFT_VERSION = 5.0;
				TARGETED_DEVICE_FAMILY = "1,2";
				TEST_TARGET_NAME = "drop-it";
			};
			name = Release;
		};
/* End XCBuildConfiguration section */

/* Begin XCConfigurationList section */
		8744972B277ACAEE009F8680 /* Build configuration list for PBXProject "drop-it" */ = {
			isa = XCConfigurationList;
			buildConfigurations = (
				87449758277ACAEF009F8680 /* Debug */,
				87449759277ACAEF009F8680 /* Release */,
			);
			defaultConfigurationIsVisible = 0;
			defaultConfigurationName = Release;
		};
		8744975A277ACAEF009F8680 /* Build configuration list for PBXNativeTarget "drop-it" */ = {
			isa = XCConfigurationList;
			buildConfigurations = (
				8744975B277ACAEF009F8680 /* Debug */,
				8744975C277ACAEF009F8680 /* Release */,
			);
			defaultConfigurationIsVisible = 0;
			defaultConfigurationName = Release;
		};
		8744975D277ACAEF009F8680 /* Build configuration list for PBXNativeTarget "drop-itTests" */ = {
			isa = XCConfigurationList;
			buildConfigurations = (
				8744975E277ACAEF009F8680 /* Debug */,
				8744975F277ACAEF009F8680 /* Release */,
			);
			defaultConfigurationIsVisible = 0;
			defaultConfigurationName = Release;
		};
		87449760277ACAEF009F8680 /* Build configuration list for PBXNativeTarget "drop-itUITests" */ = {
			isa = XCConfigurationList;
			buildConfigurations = (
				87449761277ACAEF009F8680 /* Debug */,
				87449762277ACAEF009F8680 /* Release */,
			);
			defaultConfigurationIsVisible = 0;
			defaultConfigurationName = Release;
		};
/* End XCConfigurationList section */

/* Begin XCVersionGroup section */
		87DA8C3E27897A3B007F156D /* DropIt.xcdatamodeld */ = {
			isa = XCVersionGroup;
			children = (
				87DA8C3F27897A3B007F156D /* DropIt.xcdatamodel */,
			);
			currentVersion = 87DA8C3F27897A3B007F156D /* DropIt.xcdatamodel */;
			path = DropIt.xcdatamodeld;
			sourceTree = "<group>";
			versionGroupType = wrapper.xcdatamodel;
		};
/* End XCVersionGroup section */
	};
	rootObject = 87449728277ACAEE009F8680 /* Project object */;
}
